
Microsoft Visual Studio Solution File, Format Version 12.00
# Visual Studio 14
VisualStudioVersion = 14.0.23107.0
MinimumVisualStudioVersion = 10.0.40219.1
Project("{8BC9CEB8-8B4A-11D0-8D11-00A0C91BC942}") = "PythonBinding", "pythonSource\PythonBinding.vcxproj", "{2A06A27F-027F-4611-B7A9-E492657A0860}"
EndProject
Project("{2150E333-8FDC-42A3-9474-1A3956D46DE8}") = "libs", "libs", "{8236DA5F-C7AC-4B85-BABD-BFFFAC8027D0}"
EndProject
Project("{8BC9CEB8-8B4A-11D0-8D11-00A0C91BC942}") = "pyscript", "..\lib\pyscript\pyscript.vcxproj", "{7A411D5D-DA3B-474D-B08B-3DD787A1F375}"
EndProject
Project("{8BC9CEB8-8B4A-11D0-8D11-00A0C91BC942}") = "common", "..\lib\common\common.vcxproj", "{A04109A7-46C9-42F9-AB29-8E3D84450172}"
EndProject
Project("{8BC9CEB8-8B4A-11D0-8D11-00A0C91BC942}") = "helper", "..\lib\helper\helper.vcxproj", "{0E032FA8-BB7B-40F6-8CB1-15F204113B24}"
EndProject
Project("{8BC9CEB8-8B4A-11D0-8D11-00A0C91BC942}") = "thread", "..\lib\thread\thread.vcxproj", "{863B8043-533C-499D-B48E-F5EC91A6CB9B}"
EndProject
Project("{2150E333-8FDC-42A3-9474-1A3956D46DE8}") = "dependency", "dependency", "{E2175FBC-695B-4331-A69D-3815EE32AE71}"
EndProject
Project("{8BC9CEB8-8B4A-11D0-8D11-00A0C91BC942}") = "pythoncore", "..\lib\python\PCbuild\pythoncore.vcxproj", "{CF7AC3D1-E2DF-41D2-BEA6-1E2556CDEA26}"
EndProject
Project("{2150E333-8FDC-42A3-9474-1A3956D46DE8}") = "pyd", "pyd", "{E9E5CEAB-1EF4-4764-8819-432FBA3B5442}"
EndProject
Project("{8BC9CEB8-8B4A-11D0-8D11-00A0C91BC942}") = "_ctypes", "..\lib\python\PCbuild\_ctypes.vcxproj", "{0E9791DB-593A-465F-98BC-681011311618}"
EndProject
Project("{8BC9CEB8-8B4A-11D0-8D11-00A0C91BC942}") = "_elementtree", "..\lib\python\PCbuild\_elementtree.vcxproj", "{17E1E049-C309-4D79-843F-AE483C264AEA}"
EndProject
Project("{8BC9CEB8-8B4A-11D0-8D11-00A0C91BC942}") = "_hashlib", "..\lib\python\PCbuild\_hashlib.vcxproj", "{447F05A8-F581-4CAC-A466-5AC7936E207E}"
EndProject
Project("{8BC9CEB8-8B4A-11D0-8D11-00A0C91BC942}") = "_socket", "..\lib\python\PCbuild\_socket.vcxproj", "{86937F53-C189-40EF-8CE8-8759D8E7D480}"
EndProject
Project("{8BC9CEB8-8B4A-11D0-8D11-00A0C91BC942}") = "_ssl", "..\lib\python\PCbuild\_ssl.vcxproj", "{C6E20F84-3247-4AD6-B051-B073268F73BA}"
EndProject
Project("{8BC9CEB8-8B4A-11D0-8D11-00A0C91BC942}") = "pyexpat", "..\lib\python\PCbuild\pyexpat.vcxproj", "{D06B6426-4762-44CC-8BAD-D79052507F2F}"
EndProject
Project("{8BC9CEB8-8B4A-11D0-8D11-00A0C91BC942}") = "select", "..\lib\python\PCbuild\select.vcxproj", "{18CAE28C-B454-46C1-87A0-493D91D97F03}"
EndProject
Project("{8BC9CEB8-8B4A-11D0-8D11-00A0C91BC942}") = "unicodedata", "..\lib\python\PCbuild\unicodedata.vcxproj", "{ECC7CEAC-A5E5-458E-BB9E-2413CC847881}"
EndProject
Project("{8BC9CEB8-8B4A-11D0-8D11-00A0C91BC942}") = "libeay32", "..\lib\dependencies\openssl\vcbuild\libeay32\libeay32.vcxproj", "{70ABE75C-FBC2-4C82-9103-B952FA5CD168}"
EndProject
Project("{8BC9CEB8-8B4A-11D0-8D11-00A0C91BC942}") = "ssleay32", "..\lib\dependencies\openssl\vcbuild\ssleay32\ssleay32.vcxproj", "{24265BD3-3CF3-41A9-B137-53DBEC0F53BF}"
EndProject
Global
	GlobalSection(SolutionConfigurationPlatforms) = preSolution
		Debug|x86 = Debug|x86
		PGInstrument|x86 = PGInstrument|x86
		PGUpdate|x86 = PGUpdate|x86
		Release|x86 = Release|x86
	EndGlobalSection
	GlobalSection(ProjectConfigurationPlatforms) = postSolution
		{2A06A27F-027F-4611-B7A9-E492657A0860}.Debug|x86.ActiveCfg = Debug|Win32
		{2A06A27F-027F-4611-B7A9-E492657A0860}.Debug|x86.Build.0 = Debug|Win32
		{2A06A27F-027F-4611-B7A9-E492657A0860}.PGInstrument|x86.ActiveCfg = Release|Win32
		{2A06A27F-027F-4611-B7A9-E492657A0860}.PGInstrument|x86.Build.0 = Release|Win32
		{2A06A27F-027F-4611-B7A9-E492657A0860}.PGUpdate|x86.ActiveCfg = Release|Win32
		{2A06A27F-027F-4611-B7A9-E492657A0860}.PGUpdate|x86.Build.0 = Release|Win32
		{2A06A27F-027F-4611-B7A9-E492657A0860}.Release|x86.ActiveCfg = Release|Win32
		{2A06A27F-027F-4611-B7A9-E492657A0860}.Release|x86.Build.0 = Release|Win32
		{7A411D5D-DA3B-474D-B08B-3DD787A1F375}.Debug|x86.ActiveCfg = Debug|Win32
		{7A411D5D-DA3B-474D-B08B-3DD787A1F375}.Debug|x86.Build.0 = Debug|Win32
		{7A411D5D-DA3B-474D-B08B-3DD787A1F375}.PGInstrument|x86.ActiveCfg = Release|Win32
		{7A411D5D-DA3B-474D-B08B-3DD787A1F375}.PGInstrument|x86.Build.0 = Release|Win32
		{7A411D5D-DA3B-474D-B08B-3DD787A1F375}.PGUpdate|x86.ActiveCfg = Release|Win32
		{7A411D5D-DA3B-474D-B08B-3DD787A1F375}.PGUpdate|x86.Build.0 = Release|Win32
		{7A411D5D-DA3B-474D-B08B-3DD787A1F375}.Release|x86.ActiveCfg = Release|Win32
		{7A411D5D-DA3B-474D-B08B-3DD787A1F375}.Release|x86.Build.0 = Release|Win32
		{A04109A7-46C9-42F9-AB29-8E3D84450172}.Debug|x86.ActiveCfg = Debug|Win32
		{A04109A7-46C9-42F9-AB29-8E3D84450172}.Debug|x86.Build.0 = Debug|Win32
		{A04109A7-46C9-42F9-AB29-8E3D84450172}.PGInstrument|x86.ActiveCfg = Release|Win32
		{A04109A7-46C9-42F9-AB29-8E3D84450172}.PGInstrument|x86.Build.0 = Release|Win32
		{A04109A7-46C9-42F9-AB29-8E3D84450172}.PGUpdate|x86.ActiveCfg = Release|Win32
		{A04109A7-46C9-42F9-AB29-8E3D84450172}.PGUpdate|x86.Build.0 = Release|Win32
		{A04109A7-46C9-42F9-AB29-8E3D84450172}.Release|x86.ActiveCfg = Release|Win32
		{A04109A7-46C9-42F9-AB29-8E3D84450172}.Release|x86.Build.0 = Release|Win32
		{0E032FA8-BB7B-40F6-8CB1-15F204113B24}.Debug|x86.ActiveCfg = Debug|Win32
		{0E032FA8-BB7B-40F6-8CB1-15F204113B24}.Debug|x86.Build.0 = Debug|Win32
		{0E032FA8-BB7B-40F6-8CB1-15F204113B24}.PGInstrument|x86.ActiveCfg = Release|Win32
		{0E032FA8-BB7B-40F6-8CB1-15F204113B24}.PGInstrument|x86.Build.0 = Release|Win32
		{0E032FA8-BB7B-40F6-8CB1-15F204113B24}.PGUpdate|x86.ActiveCfg = Release|Win32
		{0E032FA8-BB7B-40F6-8CB1-15F204113B24}.PGUpdate|x86.Build.0 = Release|Win32
		{0E032FA8-BB7B-40F6-8CB1-15F204113B24}.Release|x86.ActiveCfg = Release|Win32
		{0E032FA8-BB7B-40F6-8CB1-15F204113B24}.Release|x86.Build.0 = Release|Win32
		{863B8043-533C-499D-B48E-F5EC91A6CB9B}.Debug|x86.ActiveCfg = Debug|Win32
		{863B8043-533C-499D-B48E-F5EC91A6CB9B}.Debug|x86.Build.0 = Debug|Win32
		{863B8043-533C-499D-B48E-F5EC91A6CB9B}.PGInstrument|x86.ActiveCfg = Release|Win32
		{863B8043-533C-499D-B48E-F5EC91A6CB9B}.PGInstrument|x86.Build.0 = Release|Win32
		{863B8043-533C-499D-B48E-F5EC91A6CB9B}.PGUpdate|x86.ActiveCfg = Release|Win32
		{863B8043-533C-499D-B48E-F5EC91A6CB9B}.PGUpdate|x86.Build.0 = Release|Win32
		{863B8043-533C-499D-B48E-F5EC91A6CB9B}.Release|x86.ActiveCfg = Release|Win32
		{863B8043-533C-499D-B48E-F5EC91A6CB9B}.Release|x86.Build.0 = Release|Win32
		{CF7AC3D1-E2DF-41D2-BEA6-1E2556CDEA26}.Debug|x86.ActiveCfg = Debug|Win32
		{CF7AC3D1-E2DF-41D2-BEA6-1E2556CDEA26}.Debug|x86.Build.0 = Debug|Win32
		{CF7AC3D1-E2DF-41D2-BEA6-1E2556CDEA26}.PGInstrument|x86.ActiveCfg = PGInstrument|Win32
		{CF7AC3D1-E2DF-41D2-BEA6-1E2556CDEA26}.PGInstrument|x86.Build.0 = PGInstrument|Win32
		{CF7AC3D1-E2DF-41D2-BEA6-1E2556CDEA26}.PGUpdate|x86.ActiveCfg = PGUpdate|Win32
		{CF7AC3D1-E2DF-41D2-BEA6-1E2556CDEA26}.PGUpdate|x86.Build.0 = PGUpdate|Win32
		{CF7AC3D1-E2DF-41D2-BEA6-1E2556CDEA26}.Release|x86.ActiveCfg = Release|Win32
		{CF7AC3D1-E2DF-41D2-BEA6-1E2556CDEA26}.Release|x86.Build.0 = Release|Win32
		{0E9791DB-593A-465F-98BC-681011311618}.Debug|x86.ActiveCfg = Debug|Win32
		{0E9791DB-593A-465F-98BC-681011311618}.Debug|x86.Build.0 = Debug|Win32
		{0E9791DB-593A-465F-98BC-681011311618}.PGInstrument|x86.ActiveCfg = PGInstrument|Win32
		{0E9791DB-593A-465F-98BC-681011311618}.PGInstrument|x86.Build.0 = PGInstrument|Win32
		{0E9791DB-593A-465F-98BC-681011311618}.PGUpdate|x86.ActiveCfg = PGUpdate|Win32
		{0E9791DB-593A-465F-98BC-681011311618}.PGUpdate|x86.Build.0 = PGUpdate|Win32
		{0E9791DB-593A-465F-98BC-681011311618}.Release|x86.ActiveCfg = Release|Win32
		{0E9791DB-593A-465F-98BC-681011311618}.Release|x86.Build.0 = Release|Win32
		{17E1E049-C309-4D79-843F-AE483C264AEA}.Debug|x86.ActiveCfg = Debug|Win32
		{17E1E049-C309-4D79-843F-AE483C264AEA}.Debug|x86.Build.0 = Debug|Win32
		{17E1E049-C309-4D79-843F-AE483C264AEA}.PGInstrument|x86.ActiveCfg = PGInstrument|Win32
		{17E1E049-C309-4D79-843F-AE483C264AEA}.PGInstrument|x86.Build.0 = PGInstrument|Win32
		{17E1E049-C309-4D79-843F-AE483C264AEA}.PGUpdate|x86.ActiveCfg = PGUpdate|Win32
		{17E1E049-C309-4D79-843F-AE483C264AEA}.PGUpdate|x86.Build.0 = PGUpdate|Win32
		{17E1E049-C309-4D79-843F-AE483C264AEA}.Release|x86.ActiveCfg = Release|Win32
		{17E1E049-C309-4D79-843F-AE483C264AEA}.Release|x86.Build.0 = Release|Win32
		{447F05A8-F581-4CAC-A466-5AC7936E207E}.Debug|x86.ActiveCfg = Debug|Win32
		{447F05A8-F581-4CAC-A466-5AC7936E207E}.Debug|x86.Build.0 = Debug|Win32
		{447F05A8-F581-4CAC-A466-5AC7936E207E}.PGInstrument|x86.ActiveCfg = PGInstrument|Win32
		{447F05A8-F581-4CAC-A466-5AC7936E207E}.PGInstrument|x86.Build.0 = PGInstrument|Win32
		{447F05A8-F581-4CAC-A466-5AC7936E207E}.PGUpdate|x86.ActiveCfg = PGUpdate|Win32
		{447F05A8-F581-4CAC-A466-5AC7936E207E}.PGUpdate|x86.Build.0 = PGUpdate|Win32
		{447F05A8-F581-4CAC-A466-5AC7936E207E}.Release|x86.ActiveCfg = Release|Win32
		{447F05A8-F581-4CAC-A466-5AC7936E207E}.Release|x86.Build.0 = Release|Win32
		{86937F53-C189-40EF-8CE8-8759D8E7D480}.Debug|x86.ActiveCfg = Debug|Win32
		{86937F53-C189-40EF-8CE8-8759D8E7D480}.Debug|x86.Build.0 = Debug|Win32
		{86937F53-C189-40EF-8CE8-8759D8E7D480}.PGInstrument|x86.ActiveCfg = PGInstrument|Win32
		{86937F53-C189-40EF-8CE8-8759D8E7D480}.PGInstrument|x86.Build.0 = PGInstrument|Win32
		{86937F53-C189-40EF-8CE8-8759D8E7D480}.PGUpdate|x86.ActiveCfg = PGUpdate|Win32
		{86937F53-C189-40EF-8CE8-8759D8E7D480}.PGUpdate|x86.Build.0 = PGUpdate|Win32
		{86937F53-C189-40EF-8CE8-8759D8E7D480}.Release|x86.ActiveCfg = Release|Win32
		{86937F53-C189-40EF-8CE8-8759D8E7D480}.Release|x86.Build.0 = Release|Win32
		{C6E20F84-3247-4AD6-B051-B073268F73BA}.Debug|x86.ActiveCfg = Debug|Win32
		{C6E20F84-3247-4AD6-B051-B073268F73BA}.Debug|x86.Build.0 = Debug|Win32
		{C6E20F84-3247-4AD6-B051-B073268F73BA}.PGInstrument|x86.ActiveCfg = Release|Win32
		{C6E20F84-3247-4AD6-B051-B073268F73BA}.PGInstrument|x86.Build.0 = Release|Win32
		{C6E20F84-3247-4AD6-B051-B073268F73BA}.PGUpdate|x86.ActiveCfg = Release|Win32
		{C6E20F84-3247-4AD6-B051-B073268F73BA}.PGUpdate|x86.Build.0 = Release|Win32
		{C6E20F84-3247-4AD6-B051-B073268F73BA}.Release|x86.ActiveCfg = Release|Win32
		{C6E20F84-3247-4AD6-B051-B073268F73BA}.Release|x86.Build.0 = Release|Win32
		{D06B6426-4762-44CC-8BAD-D79052507F2F}.Debug|x86.ActiveCfg = Debug|Win32
		{D06B6426-4762-44CC-8BAD-D79052507F2F}.Debug|x86.Build.0 = Debug|Win32
		{D06B6426-4762-44CC-8BAD-D79052507F2F}.PGInstrument|x86.ActiveCfg = PGInstrument|Win32
		{D06B6426-4762-44CC-8BAD-D79052507F2F}.PGInstrument|x86.Build.0 = PGInstrument|Win32
		{D06B6426-4762-44CC-8BAD-D79052507F2F}.PGUpdate|x86.ActiveCfg = PGUpdate|Win32
		{D06B6426-4762-44CC-8BAD-D79052507F2F}.PGUpdate|x86.Build.0 = PGUpdate|Win32
		{D06B6426-4762-44CC-8BAD-D79052507F2F}.Release|x86.ActiveCfg = Release|Win32
		{D06B6426-4762-44CC-8BAD-D79052507F2F}.Release|x86.Build.0 = Release|Win32
		{18CAE28C-B454-46C1-87A0-493D91D97F03}.Debug|x86.ActiveCfg = Debug|Win32
		{18CAE28C-B454-46C1-87A0-493D91D97F03}.Debug|x86.Build.0 = Debug|Win32
		{18CAE28C-B454-46C1-87A0-493D91D97F03}.PGInstrument|x86.ActiveCfg = PGInstrument|Win32
		{18CAE28C-B454-46C1-87A0-493D91D97F03}.PGInstrument|x86.Build.0 = PGInstrument|Win32
		{18CAE28C-B454-46C1-87A0-493D91D97F03}.PGUpdate|x86.ActiveCfg = PGUpdate|Win32
		{18CAE28C-B454-46C1-87A0-493D91D97F03}.PGUpdate|x86.Build.0 = PGUpdate|Win32
		{18CAE28C-B454-46C1-87A0-493D91D97F03}.Release|x86.ActiveCfg = Release|Win32
		{18CAE28C-B454-46C1-87A0-493D91D97F03}.Release|x86.Build.0 = Release|Win32
		{ECC7CEAC-A5E5-458E-BB9E-2413CC847881}.Debug|x86.ActiveCfg = Debug|Win32
		{ECC7CEAC-A5E5-458E-BB9E-2413CC847881}.Debug|x86.Build.0 = Debug|Win32
		{ECC7CEAC-A5E5-458E-BB9E-2413CC847881}.PGInstrument|x86.ActiveCfg = PGInstrument|Win32
		{ECC7CEAC-A5E5-458E-BB9E-2413CC847881}.PGInstrument|x86.Build.0 = PGInstrument|Win32
		{ECC7CEAC-A5E5-458E-BB9E-2413CC847881}.PGUpdate|x86.ActiveCfg = PGUpdate|Win32
		{ECC7CEAC-A5E5-458E-BB9E-2413CC847881}.PGUpdate|x86.Build.0 = PGUpdate|Win32
		{ECC7CEAC-A5E5-458E-BB9E-2413CC847881}.Release|x86.ActiveCfg = Release|Win32
		{ECC7CEAC-A5E5-458E-BB9E-2413CC847881}.Release|x86.Build.0 = Release|Win32
		{70ABE75C-FBC2-4C82-9103-B952FA5CD168}.Debug|x86.ActiveCfg = Debug|Win32
		{70ABE75C-FBC2-4C82-9103-B952FA5CD168}.Debug|x86.Build.0 = Debug|Win32
		{70ABE75C-FBC2-4C82-9103-B952FA5CD168}.PGInstrument|x86.ActiveCfg = Release|Win32
		{70ABE75C-FBC2-4C82-9103-B952FA5CD168}.PGInstrument|x86.Build.0 = Release|Win32
		{70ABE75C-FBC2-4C82-9103-B952FA5CD168}.PGUpdate|x86.ActiveCfg = Release|Win32
		{70ABE75C-FBC2-4C82-9103-B952FA5CD168}.PGUpdate|x86.Build.0 = Release|Win32
		{70ABE75C-FBC2-4C82-9103-B952FA5CD168}.Release|x86.ActiveCfg = Release|Win32
		{70ABE75C-FBC2-4C82-9103-B952FA5CD168}.Release|x86.Build.0 = Release|Win32
		{24265BD3-3CF3-41A9-B137-53DBEC0F53BF}.Debug|x86.ActiveCfg = Debug|Win32
		{24265BD3-3CF3-41A9-B137-53DBEC0F53BF}.Debug|x86.Build.0 = Debug|Win32
		{24265BD3-3CF3-41A9-B137-53DBEC0F53BF}.PGInstrument|x86.ActiveCfg = Release|Win32
		{24265BD3-3CF3-41A9-B137-53DBEC0F53BF}.PGInstrument|x86.Build.0 = Release|Win32
		{24265BD3-3CF3-41A9-B137-53DBEC0F53BF}.PGUpdate|x86.ActiveCfg = Release|Win32
		{24265BD3-3CF3-41A9-B137-53DBEC0F53BF}.PGUpdate|x86.Build.0 = Release|Win32
		{24265BD3-3CF3-41A9-B137-53DBEC0F53BF}.Release|x86.ActiveCfg = Release|Win32
		{24265BD3-3CF3-41A9-B137-53DBEC0F53BF}.Release|x86.Build.0 = Release|Win32
	EndGlobalSection
	GlobalSection(SolutionProperties) = preSolution
		HideSolutionNode = FALSE
	EndGlobalSection
	GlobalSection(NestedProjects) = preSolution
		{7A411D5D-DA3B-474D-B08B-3DD787A1F375} = {8236DA5F-C7AC-4B85-BABD-BFFFAC8027D0}
		{A04109A7-46C9-42F9-AB29-8E3D84450172} = {8236DA5F-C7AC-4B85-BABD-BFFFAC8027D0}
		{0E032FA8-BB7B-40F6-8CB1-15F204113B24} = {8236DA5F-C7AC-4B85-BABD-BFFFAC8027D0}
		{863B8043-533C-499D-B48E-F5EC91A6CB9B} = {8236DA5F-C7AC-4B85-BABD-BFFFAC8027D0}
		{CF7AC3D1-E2DF-41D2-BEA6-1E2556CDEA26} = {E2175FBC-695B-4331-A69D-3815EE32AE71}
		{E9E5CEAB-1EF4-4764-8819-432FBA3B5442} = {E2175FBC-695B-4331-A69D-3815EE32AE71}
		{0E9791DB-593A-465F-98BC-681011311618} = {E9E5CEAB-1EF4-4764-8819-432FBA3B5442}
		{17E1E049-C309-4D79-843F-AE483C264AEA} = {E9E5CEAB-1EF4-4764-8819-432FBA3B5442}
		{447F05A8-F581-4CAC-A466-5AC7936E207E} = {E9E5CEAB-1EF4-4764-8819-432FBA3B5442}
		{86937F53-C189-40EF-8CE8-8759D8E7D480} = {E9E5CEAB-1EF4-4764-8819-432FBA3B5442}
		{C6E20F84-3247-4AD6-B051-B073268F73BA} = {E9E5CEAB-1EF4-4764-8819-432FBA3B5442}
		{D06B6426-4762-44CC-8BAD-D79052507F2F} = {E9E5CEAB-1EF4-4764-8819-432FBA3B5442}
		{18CAE28C-B454-46C1-87A0-493D91D97F03} = {E9E5CEAB-1EF4-4764-8819-432FBA3B5442}
		{ECC7CEAC-A5E5-458E-BB9E-2413CC847881} = {E9E5CEAB-1EF4-4764-8819-432FBA3B5442}
		{70ABE75C-FBC2-4C82-9103-B952FA5CD168} = {E2175FBC-695B-4331-A69D-3815EE32AE71}
		{24265BD3-3CF3-41A9-B137-53DBEC0F53BF} = {E2175FBC-695B-4331-A69D-3815EE32AE71}
	EndGlobalSection
EndGlobal
